// !$*UTF8*$!
{
	archiveVersion = 1;
	classes = {
	};
	objectVersion = 55;
	objects = {

/* Begin PBXBuildFile section */
		14008EE32777E57400522715 /* EndPoint.swift in Sources */ = {isa = PBXBuildFile; fileRef = 14008EE22777E57400522715 /* EndPoint.swift */; };
		14008EE52777E7C900522715 /* APIParametersType.swift in Sources */ = {isa = PBXBuildFile; fileRef = 14008EE42777E7C900522715 /* APIParametersType.swift */; };
		14008EE72777F5C200522715 /* DataLoader.swift in Sources */ = {isa = PBXBuildFile; fileRef = 14008EE62777F5C200522715 /* DataLoader.swift */; };
		14008EEA2778015700522715 /* SearchResponse.swift in Sources */ = {isa = PBXBuildFile; fileRef = 14008EE92778015700522715 /* SearchResponse.swift */; };
		143141D42789CB8F00893E91 /* CellDTO.swift in Sources */ = {isa = PBXBuildFile; fileRef = 143141D32789CB8F00893E91 /* CellDTO.swift */; };
		146B3AF2277B433C00D0E97B /* RepositoriesView.swift in Sources */ = {isa = PBXBuildFile; fileRef = 146B3AF0277B433C00D0E97B /* RepositoriesView.swift */; };
		146B3AF3277B433C00D0E97B /* RepositoriesView.xib in Resources */ = {isa = PBXBuildFile; fileRef = 146B3AF1277B433C00D0E97B /* RepositoriesView.xib */; };
		146B3AF7277B441900D0E97B /* StandardViewCell.swift in Sources */ = {isa = PBXBuildFile; fileRef = 146B3AF5277B441900D0E97B /* StandardViewCell.swift */; };
		146B3AF8277B441900D0E97B /* StandardViewCell.xib in Resources */ = {isa = PBXBuildFile; fileRef = 146B3AF6277B441900D0E97B /* StandardViewCell.xib */; };
		146B3AFB277B51D800D0E97B /* RepositoriesViewModelProtocol.swift in Sources */ = {isa = PBXBuildFile; fileRef = 146B3AFA277B51D800D0E97B /* RepositoriesViewModelProtocol.swift */; };
		146B3AFD277B790B00D0E97B /* RepositoriesViewModel.swift in Sources */ = {isa = PBXBuildFile; fileRef = 146B3AFC277B790B00D0E97B /* RepositoriesViewModel.swift */; };
		14780CD727891D8900449B77 /* CellFactory.swift in Sources */ = {isa = PBXBuildFile; fileRef = 14780CD627891D8900449B77 /* CellFactory.swift */; };
		14963C75277CBC9300F340FA /* UITableView+.swift in Sources */ = {isa = PBXBuildFile; fileRef = 14963C74277CBC9300F340FA /* UITableView+.swift */; };
		14C6A81827886DCF000EDB54 /* Layout.swift in Sources */ = {isa = PBXBuildFile; fileRef = 14C6A81727886DCF000EDB54 /* Layout.swift */; };
		14C6A81B27887900000EDB54 /* LoadingCell.swift in Sources */ = {isa = PBXBuildFile; fileRef = 14C6A81927887900000EDB54 /* LoadingCell.swift */; };
		14C6A81C27887900000EDB54 /* LoadingCell.xib in Resources */ = {isa = PBXBuildFile; fileRef = 14C6A81A27887900000EDB54 /* LoadingCell.xib */; };
		14C6A822278899FD000EDB54 /* RepoPullsView.swift in Sources */ = {isa = PBXBuildFile; fileRef = 14C6A820278899FD000EDB54 /* RepoPullsView.swift */; };
		14C6A823278899FD000EDB54 /* RepoPullsView.xib in Resources */ = {isa = PBXBuildFile; fileRef = 14C6A821278899FD000EDB54 /* RepoPullsView.xib */; };
		14C6A82527889AEA000EDB54 /* RepoPullsViewModel.swift in Sources */ = {isa = PBXBuildFile; fileRef = 14C6A82427889AEA000EDB54 /* RepoPullsViewModel.swift */; };
		14C6A82827889B0C000EDB54 /* RepoPullsViewModelProtocol.swift in Sources */ = {isa = PBXBuildFile; fileRef = 14C6A82727889B0C000EDB54 /* RepoPullsViewModelProtocol.swift */; };
		14C9C74A27754F7C0022CABB /* AppDelegate.swift in Sources */ = {isa = PBXBuildFile; fileRef = 14C9C74927754F7C0022CABB /* AppDelegate.swift */; };
		14C9C74C27754F7C0022CABB /* SceneDelegate.swift in Sources */ = {isa = PBXBuildFile; fileRef = 14C9C74B27754F7C0022CABB /* SceneDelegate.swift */; };
		14C9C75327754F7D0022CABB /* Assets.xcassets in Resources */ = {isa = PBXBuildFile; fileRef = 14C9C75227754F7D0022CABB /* Assets.xcassets */; };
		14F19A0A277654030002F2EF /* Strings.swift in Sources */ = {isa = PBXBuildFile; fileRef = 14F19A09277654030002F2EF /* Strings.swift */; };
		14F19A0F2776548C0002F2EF /* Assets.swift in Sources */ = {isa = PBXBuildFile; fileRef = 14F19A0E2776548C0002F2EF /* Assets.swift */; };
		14F19A112776555C0002F2EF /* Strings.strings in Resources */ = {isa = PBXBuildFile; fileRef = 14F19A102776555C0002F2EF /* Strings.strings */; };
		14F19A1A277658F20002F2EF /* LaunchScreen.storyboard in Resources */ = {isa = PBXBuildFile; fileRef = 14F19A18277658F20002F2EF /* LaunchScreen.storyboard */; };
		14F5147D277A0B8900DE5476 /* String+.swift in Sources */ = {isa = PBXBuildFile; fileRef = 14F5147C277A0B8900DE5476 /* String+.swift */; };
		14F51480277A108800DE5476 /* RepoPullsResponse.swift in Sources */ = {isa = PBXBuildFile; fileRef = 14F5147F277A108800DE5476 /* RepoPullsResponse.swift */; };
		14FB03A42778C14500F1419E /* OwnerModel.swift in Sources */ = {isa = PBXBuildFile; fileRef = 14FB03A32778C14500F1419E /* OwnerModel.swift */; };
		982AD2B53402842481F6438D /* Pods_SwiftGithubTrend.framework in Frameworks */ = {isa = PBXBuildFile; fileRef = A6D0C4B25EDE80395DF3F2B2 /* Pods_SwiftGithubTrend.framework */; };
/* End PBXBuildFile section */

/* Begin PBXFileReference section */
		14008EE22777E57400522715 /* EndPoint.swift */ = {isa = PBXFileReference; lastKnownFileType = sourcecode.swift; path = EndPoint.swift; sourceTree = "<group>"; };
		14008EE42777E7C900522715 /* APIParametersType.swift */ = {isa = PBXFileReference; lastKnownFileType = sourcecode.swift; path = APIParametersType.swift; sourceTree = "<group>"; };
		14008EE62777F5C200522715 /* DataLoader.swift */ = {isa = PBXFileReference; lastKnownFileType = sourcecode.swift; path = DataLoader.swift; sourceTree = "<group>"; };
		14008EE92778015700522715 /* SearchResponse.swift */ = {isa = PBXFileReference; lastKnownFileType = sourcecode.swift; path = SearchResponse.swift; sourceTree = "<group>"; };
		143141D32789CB8F00893E91 /* CellDTO.swift */ = {isa = PBXFileReference; lastKnownFileType = sourcecode.swift; path = CellDTO.swift; sourceTree = "<group>"; };
		146B3AF0277B433C00D0E97B /* RepositoriesView.swift */ = {isa = PBXFileReference; lastKnownFileType = sourcecode.swift; path = RepositoriesView.swift; sourceTree = "<group>"; };
		146B3AF1277B433C00D0E97B /* RepositoriesView.xib */ = {isa = PBXFileReference; lastKnownFileType = file.xib; path = RepositoriesView.xib; sourceTree = "<group>"; };
		146B3AF5277B441900D0E97B /* StandardViewCell.swift */ = {isa = PBXFileReference; lastKnownFileType = sourcecode.swift; path = StandardViewCell.swift; sourceTree = "<group>"; };
		146B3AF6277B441900D0E97B /* StandardViewCell.xib */ = {isa = PBXFileReference; lastKnownFileType = file.xib; path = StandardViewCell.xib; sourceTree = "<group>"; };
		146B3AFA277B51D800D0E97B /* RepositoriesViewModelProtocol.swift */ = {isa = PBXFileReference; lastKnownFileType = sourcecode.swift; path = RepositoriesViewModelProtocol.swift; sourceTree = "<group>"; };
		146B3AFC277B790B00D0E97B /* RepositoriesViewModel.swift */ = {isa = PBXFileReference; lastKnownFileType = sourcecode.swift; path = RepositoriesViewModel.swift; sourceTree = "<group>"; };
		14780CD627891D8900449B77 /* CellFactory.swift */ = {isa = PBXFileReference; lastKnownFileType = sourcecode.swift; path = CellFactory.swift; sourceTree = "<group>"; };
		14963C74277CBC9300F340FA /* UITableView+.swift */ = {isa = PBXFileReference; lastKnownFileType = sourcecode.swift; path = "UITableView+.swift"; sourceTree = "<group>"; };
		14C6A81727886DCF000EDB54 /* Layout.swift */ = {isa = PBXFileReference; lastKnownFileType = sourcecode.swift; path = Layout.swift; sourceTree = "<group>"; };
		14C6A81927887900000EDB54 /* LoadingCell.swift */ = {isa = PBXFileReference; lastKnownFileType = sourcecode.swift; path = LoadingCell.swift; sourceTree = "<group>"; };
		14C6A81A27887900000EDB54 /* LoadingCell.xib */ = {isa = PBXFileReference; lastKnownFileType = file.xib; path = LoadingCell.xib; sourceTree = "<group>"; };
		14C6A820278899FD000EDB54 /* RepoPullsView.swift */ = {isa = PBXFileReference; lastKnownFileType = sourcecode.swift; path = RepoPullsView.swift; sourceTree = "<group>"; };
		14C6A821278899FD000EDB54 /* RepoPullsView.xib */ = {isa = PBXFileReference; lastKnownFileType = file.xib; path = RepoPullsView.xib; sourceTree = "<group>"; };
		14C6A82427889AEA000EDB54 /* RepoPullsViewModel.swift */ = {isa = PBXFileReference; lastKnownFileType = sourcecode.swift; path = RepoPullsViewModel.swift; sourceTree = "<group>"; };
		14C6A82727889B0C000EDB54 /* RepoPullsViewModelProtocol.swift */ = {isa = PBXFileReference; lastKnownFileType = sourcecode.swift; path = RepoPullsViewModelProtocol.swift; sourceTree = "<group>"; };
		14C9C74627754F7C0022CABB /* SwiftGithubTrend.app */ = {isa = PBXFileReference; explicitFileType = wrapper.application; includeInIndex = 0; path = SwiftGithubTrend.app; sourceTree = BUILT_PRODUCTS_DIR; };
		14C9C74927754F7C0022CABB /* AppDelegate.swift */ = {isa = PBXFileReference; lastKnownFileType = sourcecode.swift; path = AppDelegate.swift; sourceTree = "<group>"; };
		14C9C74B27754F7C0022CABB /* SceneDelegate.swift */ = {isa = PBXFileReference; lastKnownFileType = sourcecode.swift; path = SceneDelegate.swift; sourceTree = "<group>"; };
		14C9C75227754F7D0022CABB /* Assets.xcassets */ = {isa = PBXFileReference; lastKnownFileType = folder.assetcatalog; path = Assets.xcassets; sourceTree = "<group>"; };
		14C9C75727754F7D0022CABB /* Info.plist */ = {isa = PBXFileReference; lastKnownFileType = text.plist.xml; path = Info.plist; sourceTree = "<group>"; };
		14F19A09277654030002F2EF /* Strings.swift */ = {isa = PBXFileReference; lastKnownFileType = sourcecode.swift; path = Strings.swift; sourceTree = "<group>"; };
		14F19A0E2776548C0002F2EF /* Assets.swift */ = {isa = PBXFileReference; lastKnownFileType = sourcecode.swift; path = Assets.swift; sourceTree = "<group>"; };
		14F19A102776555C0002F2EF /* Strings.strings */ = {isa = PBXFileReference; lastKnownFileType = text.plist.strings; path = Strings.strings; sourceTree = "<group>"; };
		14F19A19277658F20002F2EF /* Base */ = {isa = PBXFileReference; lastKnownFileType = file.storyboard; name = Base; path = SwiftGithubTrend/Resources/Base.lproj/LaunchScreen.storyboard; sourceTree = "<group>"; };
		14F5147C277A0B8900DE5476 /* String+.swift */ = {isa = PBXFileReference; lastKnownFileType = sourcecode.swift; path = "String+.swift"; sourceTree = "<group>"; };
		14F5147F277A108800DE5476 /* RepoPullsResponse.swift */ = {isa = PBXFileReference; lastKnownFileType = sourcecode.swift; path = RepoPullsResponse.swift; sourceTree = "<group>"; };
		14FB03A32778C14500F1419E /* OwnerModel.swift */ = {isa = PBXFileReference; lastKnownFileType = sourcecode.swift; path = OwnerModel.swift; sourceTree = "<group>"; };
		53A9F902612CBB9F63F6F280 /* Pods-SwiftGithubTrend.debug.xcconfig */ = {isa = PBXFileReference; includeInIndex = 1; lastKnownFileType = text.xcconfig; name = "Pods-SwiftGithubTrend.debug.xcconfig"; path = "Target Support Files/Pods-SwiftGithubTrend/Pods-SwiftGithubTrend.debug.xcconfig"; sourceTree = "<group>"; };
		A6D0C4B25EDE80395DF3F2B2 /* Pods_SwiftGithubTrend.framework */ = {isa = PBXFileReference; explicitFileType = wrapper.framework; includeInIndex = 0; path = Pods_SwiftGithubTrend.framework; sourceTree = BUILT_PRODUCTS_DIR; };
		ED54C95B1B3D07A759AAF9AE /* Pods-SwiftGithubTrend.release.xcconfig */ = {isa = PBXFileReference; includeInIndex = 1; lastKnownFileType = text.xcconfig; name = "Pods-SwiftGithubTrend.release.xcconfig"; path = "Target Support Files/Pods-SwiftGithubTrend/Pods-SwiftGithubTrend.release.xcconfig"; sourceTree = "<group>"; };
/* End PBXFileReference section */

/* Begin PBXFrameworksBuildPhase section */
		14C9C74327754F7C0022CABB /* Frameworks */ = {
			isa = PBXFrameworksBuildPhase;
			buildActionMask = 2147483647;
			files = (
				982AD2B53402842481F6438D /* Pods_SwiftGithubTrend.framework in Frameworks */,
			);
			runOnlyForDeploymentPostprocessing = 0;
		};
/* End PBXFrameworksBuildPhase section */

/* Begin PBXGroup section */
		14008EE82778014100522715 /* Models */ = {
			isa = PBXGroup;
			children = (
				14008EE92778015700522715 /* SearchResponse.swift */,
				14F5147F277A108800DE5476 /* RepoPullsResponse.swift */,
				14FB03A32778C14500F1419E /* OwnerModel.swift */,
			);
			path = Models;
			sourceTree = "<group>";
		};
		143141D22789CB7F00893E91 /* Model */ = {
			isa = PBXGroup;
			children = (
				143141D32789CB8F00893E91 /* CellDTO.swift */,
			);
			path = Model;
			sourceTree = "<group>";
		};
		143141D52789CFD200893E91 /* UI */ = {
			isa = PBXGroup;
			children = (
				143141D62789CFDF00893E91 /* Components */,
			);
			path = UI;
			sourceTree = "<group>";
		};
		143141D62789CFDF00893E91 /* Components */ = {
			isa = PBXGroup;
			children = (
				146B3AF4277B43D900D0E97B /* Cell */,
			);
			path = Components;
			sourceTree = "<group>";
		};
		146B3AEE277B40F700D0E97B /* Scenes */ = {
			isa = PBXGroup;
			children = (
				14C6A81F278899D0000EDB54 /* RepoPulls */,
				146B3AEF277B428600D0E97B /* Repositories */,
			);
			path = Scenes;
			sourceTree = "<group>";
		};
		146B3AEF277B428600D0E97B /* Repositories */ = {
			isa = PBXGroup;
			children = (
				146B3AF9277B4FF700D0E97B /* ViewModel */,
				146B3AF0277B433C00D0E97B /* RepositoriesView.swift */,
				146B3AF1277B433C00D0E97B /* RepositoriesView.xib */,
			);
			path = Repositories;
			sourceTree = "<group>";
		};
		146B3AF4277B43D900D0E97B /* Cell */ = {
			isa = PBXGroup;
			children = (
				14780CD627891D8900449B77 /* CellFactory.swift */,
				143141D22789CB7F00893E91 /* Model */,
				14C6A81E278879A1000EDB54 /* StandardViewCell */,
				14C6A81D27887995000EDB54 /* LoadingCell */,
			);
			path = Cell;
			sourceTree = "<group>";
		};
		146B3AF9277B4FF700D0E97B /* ViewModel */ = {
			isa = PBXGroup;
			children = (
				146B3AFA277B51D800D0E97B /* RepositoriesViewModelProtocol.swift */,
				146B3AFC277B790B00D0E97B /* RepositoriesViewModel.swift */,
			);
			path = ViewModel;
			sourceTree = "<group>";
		};
		14C6A81D27887995000EDB54 /* LoadingCell */ = {
			isa = PBXGroup;
			children = (
				14C6A81927887900000EDB54 /* LoadingCell.swift */,
				14C6A81A27887900000EDB54 /* LoadingCell.xib */,
			);
			path = LoadingCell;
			sourceTree = "<group>";
		};
		14C6A81E278879A1000EDB54 /* StandardViewCell */ = {
			isa = PBXGroup;
			children = (
				146B3AF5277B441900D0E97B /* StandardViewCell.swift */,
				146B3AF6277B441900D0E97B /* StandardViewCell.xib */,
			);
			path = StandardViewCell;
			sourceTree = "<group>";
		};
		14C6A81F278899D0000EDB54 /* RepoPulls */ = {
			isa = PBXGroup;
			children = (
				14C6A82627889AFD000EDB54 /* ViewModel */,
				14C6A821278899FD000EDB54 /* RepoPullsView.xib */,
				14C6A820278899FD000EDB54 /* RepoPullsView.swift */,
			);
			path = RepoPulls;
			sourceTree = "<group>";
		};
		14C6A82627889AFD000EDB54 /* ViewModel */ = {
			isa = PBXGroup;
			children = (
				14C6A82727889B0C000EDB54 /* RepoPullsViewModelProtocol.swift */,
				14C6A82427889AEA000EDB54 /* RepoPullsViewModel.swift */,
			);
			path = ViewModel;
			sourceTree = "<group>";
		};
		14C9C73D27754F7B0022CABB = {
			isa = PBXGroup;
			children = (
				14C9C74827754F7C0022CABB /* SwiftGithubTrend */,
				14C9C74727754F7C0022CABB /* Products */,
				E0A168E0A332631AFA1EFB49 /* Pods */,
				D58352DB9F84FE5DDDFB9C55 /* Frameworks */,
			);
			sourceTree = "<group>";
		};
		14C9C74727754F7C0022CABB /* Products */ = {
			isa = PBXGroup;
			children = (
				14C9C74627754F7C0022CABB /* SwiftGithubTrend.app */,
			);
			name = Products;
			sourceTree = "<group>";
		};
		14C9C74827754F7C0022CABB /* SwiftGithubTrend */ = {
			isa = PBXGroup;
			children = (
				14F19A07277653C30002F2EF /* Resources */,
				14F19A2627765DF40002F2EF /* Sources */,
			);
			path = SwiftGithubTrend;
			sourceTree = "<group>";
		};
		14EEC8082776961A000006FF /* AppDelegate */ = {
			isa = PBXGroup;
			children = (
				14C9C74927754F7C0022CABB /* AppDelegate.swift */,
			);
			path = AppDelegate;
			sourceTree = "<group>";
		};
		14EEC8092776962C000006FF /* SceneDelegate */ = {
			isa = PBXGroup;
			children = (
				14C9C74B27754F7C0022CABB /* SceneDelegate.swift */,
			);
			path = SceneDelegate;
			sourceTree = "<group>";
		};
		14EEC80A27769640000006FF /* Service */ = {
			isa = PBXGroup;
			children = (
				14008EE82778014100522715 /* Models */,
				14008EE22777E57400522715 /* EndPoint.swift */,
				14008EE42777E7C900522715 /* APIParametersType.swift */,
				14008EE62777F5C200522715 /* DataLoader.swift */,
			);
			path = Service;
			sourceTree = "<group>";
		};
		14F19A07277653C30002F2EF /* Resources */ = {
			isa = PBXGroup;
			children = (
				14F19A102776555C0002F2EF /* Strings.strings */,
				14F19A08277653ED0002F2EF /* Generated */,
				14C9C75227754F7D0022CABB /* Assets.xcassets */,
				14F19A18277658F20002F2EF /* LaunchScreen.storyboard */,
				14C9C75727754F7D0022CABB /* Info.plist */,
				14C6A81727886DCF000EDB54 /* Layout.swift */,
			);
			path = Resources;
			sourceTree = "<group>";
		};
		14F19A08277653ED0002F2EF /* Generated */ = {
			isa = PBXGroup;
			children = (
				14F19A09277654030002F2EF /* Strings.swift */,
				14F19A0E2776548C0002F2EF /* Assets.swift */,
			);
			path = Generated;
			sourceTree = "<group>";
		};
		14F19A2627765DF40002F2EF /* Sources */ = {
			isa = PBXGroup;
			children = (
				14EEC8082776961A000006FF /* AppDelegate */,
				14EEC8092776962C000006FF /* SceneDelegate */,
				14F5147B277A0B6A00DE5476 /* Common */,
				14EEC80A27769640000006FF /* Service */,
				146B3AEE277B40F700D0E97B /* Scenes */,
			);
			path = Sources;
			sourceTree = "<group>";
		};
		14F5147B277A0B6A00DE5476 /* Common */ = {
			isa = PBXGroup;
			children = (
				14F5147E277A0D1900DE5476 /* Extesions */,
				143141D52789CFD200893E91 /* UI */,
			);
			path = Common;
			sourceTree = "<group>";
		};
		14F5147E277A0D1900DE5476 /* Extesions */ = {
			isa = PBXGroup;
			children = (
				14F5147C277A0B8900DE5476 /* String+.swift */,
				14963C74277CBC9300F340FA /* UITableView+.swift */,
			);
			path = Extesions;
			sourceTree = "<group>";
		};
		D58352DB9F84FE5DDDFB9C55 /* Frameworks */ = {
			isa = PBXGroup;
			children = (
				A6D0C4B25EDE80395DF3F2B2 /* Pods_SwiftGithubTrend.framework */,
			);
			name = Frameworks;
			sourceTree = "<group>";
		};
		E0A168E0A332631AFA1EFB49 /* Pods */ = {
			isa = PBXGroup;
			children = (
				53A9F902612CBB9F63F6F280 /* Pods-SwiftGithubTrend.debug.xcconfig */,
				ED54C95B1B3D07A759AAF9AE /* Pods-SwiftGithubTrend.release.xcconfig */,
			);
			path = Pods;
			sourceTree = "<group>";
		};
/* End PBXGroup section */

/* Begin PBXNativeTarget section */
		14C9C74527754F7C0022CABB /* SwiftGithubTrend */ = {
			isa = PBXNativeTarget;
			buildConfigurationList = 14C9C75A27754F7D0022CABB /* Build configuration list for PBXNativeTarget "SwiftGithubTrend" */;
			buildPhases = (
				5EEB31E16E02F2636B3C73A4 /* [CP] Check Pods Manifest.lock */,
				14F199F62776502B0002F2EF /* SwiftLint */,
				14F19A0D2776544C0002F2EF /* SwiftGen */,
				14C9C74227754F7C0022CABB /* Sources */,
				14C9C74327754F7C0022CABB /* Frameworks */,
				14C9C74427754F7C0022CABB /* Resources */,
				4F92EF6A17EA5F84016B2920 /* [CP] Embed Pods Frameworks */,
			);
			buildRules = (
			);
			dependencies = (
			);
			name = SwiftGithubTrend;
			productName = SwiftGithubTrend;
			productReference = 14C9C74627754F7C0022CABB /* SwiftGithubTrend.app */;
			productType = "com.apple.product-type.application";
		};
/* End PBXNativeTarget section */

/* Begin PBXProject section */
		14C9C73E27754F7B0022CABB /* Project object */ = {
			isa = PBXProject;
			attributes = {
				BuildIndependentTargetsInParallel = 1;
				LastSwiftUpdateCheck = 1320;
				LastUpgradeCheck = 1320;
				TargetAttributes = {
					14C9C74527754F7C0022CABB = {
						CreatedOnToolsVersion = 13.2.1;
					};
				};
			};
			buildConfigurationList = 14C9C74127754F7B0022CABB /* Build configuration list for PBXProject "SwiftGithubTrend" */;
			compatibilityVersion = "Xcode 13.0";
			developmentRegion = en;
			hasScannedForEncodings = 0;
			knownRegions = (
				en,
				Base,
			);
			mainGroup = 14C9C73D27754F7B0022CABB;
			productRefGroup = 14C9C74727754F7C0022CABB /* Products */;
			projectDirPath = "";
			projectRoot = "";
			targets = (
				14C9C74527754F7C0022CABB /* SwiftGithubTrend */,
			);
		};
/* End PBXProject section */

/* Begin PBXResourcesBuildPhase section */
		14C9C74427754F7C0022CABB /* Resources */ = {
			isa = PBXResourcesBuildPhase;
			buildActionMask = 2147483647;
			files = (
				14C6A81C27887900000EDB54 /* LoadingCell.xib in Resources */,
				14F19A1A277658F20002F2EF /* LaunchScreen.storyboard in Resources */,
				14F19A112776555C0002F2EF /* Strings.strings in Resources */,
				146B3AF8277B441900D0E97B /* StandardViewCell.xib in Resources */,
				14C9C75327754F7D0022CABB /* Assets.xcassets in Resources */,
				146B3AF3277B433C00D0E97B /* RepositoriesView.xib in Resources */,
				14C6A823278899FD000EDB54 /* RepoPullsView.xib in Resources */,
			);
			runOnlyForDeploymentPostprocessing = 0;
		};
/* End PBXResourcesBuildPhase section */

/* Begin PBXShellScriptBuildPhase section */
		14F199F62776502B0002F2EF /* SwiftLint */ = {
			isa = PBXShellScriptBuildPhase;
			buildActionMask = 2147483647;
			files = (
			);
			inputFileListPaths = (
			);
			inputPaths = (
			);
			name = SwiftLint;
			outputFileListPaths = (
			);
			outputPaths = (
			);
			runOnlyForDeploymentPostprocessing = 0;
			shellPath = /bin/sh;
			shellScript = "\"${PODS_ROOT}/SwiftLint/swiftlint\" --config ../Config/swiftlint.yml\n";
		};
		14F19A0D2776544C0002F2EF /* SwiftGen */ = {
			isa = PBXShellScriptBuildPhase;
			buildActionMask = 2147483647;
			files = (
			);
			inputFileListPaths = (
			);
			inputPaths = (
			);
			name = SwiftGen;
			outputFileListPaths = (
			);
			outputPaths = (
			);
			runOnlyForDeploymentPostprocessing = 0;
			shellPath = /bin/sh;
			shellScript = "\"${PODS_ROOT}/SwiftGen/bin/swiftgen\" config run --config ../Config/swiftgen.yml\n";
		};
		4F92EF6A17EA5F84016B2920 /* [CP] Embed Pods Frameworks */ = {
			isa = PBXShellScriptBuildPhase;
			buildActionMask = 2147483647;
			files = (
			);
			inputFileListPaths = (
				"${PODS_ROOT}/Target Support Files/Pods-SwiftGithubTrend/Pods-SwiftGithubTrend-frameworks-${CONFIGURATION}-input-files.xcfilelist",
			);
			name = "[CP] Embed Pods Frameworks";
			outputFileListPaths = (
				"${PODS_ROOT}/Target Support Files/Pods-SwiftGithubTrend/Pods-SwiftGithubTrend-frameworks-${CONFIGURATION}-output-files.xcfilelist",
			);
			runOnlyForDeploymentPostprocessing = 0;
			shellPath = /bin/sh;
			shellScript = "\"${PODS_ROOT}/Target Support Files/Pods-SwiftGithubTrend/Pods-SwiftGithubTrend-frameworks.sh\"\n";
			showEnvVarsInLog = 0;
		};
		5EEB31E16E02F2636B3C73A4 /* [CP] Check Pods Manifest.lock */ = {
			isa = PBXShellScriptBuildPhase;
			buildActionMask = 2147483647;
			files = (
			);
			inputFileListPaths = (
			);
			inputPaths = (
				"${PODS_PODFILE_DIR_PATH}/Podfile.lock",
				"${PODS_ROOT}/Manifest.lock",
			);
			name = "[CP] Check Pods Manifest.lock";
			outputFileListPaths = (
			);
			outputPaths = (
				"$(DERIVED_FILE_DIR)/Pods-SwiftGithubTrend-checkManifestLockResult.txt",
			);
			runOnlyForDeploymentPostprocessing = 0;
			shellPath = /bin/sh;
			shellScript = "diff \"${PODS_PODFILE_DIR_PATH}/Podfile.lock\" \"${PODS_ROOT}/Manifest.lock\" > /dev/null\nif [ $? != 0 ] ; then\n    # print error to STDERR\n    echo \"error: The sandbox is not in sync with the Podfile.lock. Run 'pod install' or update your CocoaPods installation.\" >&2\n    exit 1\nfi\n# This output is used by Xcode 'outputs' to avoid re-running this script phase.\necho \"SUCCESS\" > \"${SCRIPT_OUTPUT_FILE_0}\"\n";
			showEnvVarsInLog = 0;
		};
/* End PBXShellScriptBuildPhase section */

/* Begin PBXSourcesBuildPhase section */
		14C9C74227754F7C0022CABB /* Sources */ = {
			isa = PBXSourcesBuildPhase;
			buildActionMask = 2147483647;
			files = (
				146B3AF2277B433C00D0E97B /* RepositoriesView.swift in Sources */,
				146B3AF7277B441900D0E97B /* StandardViewCell.swift in Sources */,
				14963C75277CBC9300F340FA /* UITableView+.swift in Sources */,
				14C9C74A27754F7C0022CABB /* AppDelegate.swift in Sources */,
				14C6A81827886DCF000EDB54 /* Layout.swift in Sources */,
				146B3AFD277B790B00D0E97B /* RepositoriesViewModel.swift in Sources */,
				14C6A822278899FD000EDB54 /* RepoPullsView.swift in Sources */,
				143141D42789CB8F00893E91 /* CellDTO.swift in Sources */,
				14F19A0F2776548C0002F2EF /* Assets.swift in Sources */,
				14780CD727891D8900449B77 /* CellFactory.swift in Sources */,
				14F5147D277A0B8900DE5476 /* String+.swift in Sources */,
				14008EE52777E7C900522715 /* APIParametersType.swift in Sources */,
				14F19A0A277654030002F2EF /* Strings.swift in Sources */,
				14008EE32777E57400522715 /* EndPoint.swift in Sources */,
				14008EEA2778015700522715 /* SearchResponse.swift in Sources */,
				14C6A82827889B0C000EDB54 /* RepoPullsViewModelProtocol.swift in Sources */,
				14C6A81B27887900000EDB54 /* LoadingCell.swift in Sources */,
				14F51480277A108800DE5476 /* RepoPullsResponse.swift in Sources */,
				14C6A82527889AEA000EDB54 /* RepoPullsViewModel.swift in Sources */,
				14C9C74C27754F7C0022CABB /* SceneDelegate.swift in Sources */,
				14008EE72777F5C200522715 /* DataLoader.swift in Sources */,
				14FB03A42778C14500F1419E /* OwnerModel.swift in Sources */,
				146B3AFB277B51D800D0E97B /* RepositoriesViewModelProtocol.swift in Sources */,
			);
			runOnlyForDeploymentPostprocessing = 0;
		};
/* End PBXSourcesBuildPhase section */

/* Begin PBXVariantGroup section */
		14F19A18277658F20002F2EF /* LaunchScreen.storyboard */ = {
			isa = PBXVariantGroup;
			children = (
				14F19A19277658F20002F2EF /* Base */,
			);
			name = LaunchScreen.storyboard;
			sourceTree = "<group>";
		};
/* End PBXVariantGroup section */

/* Begin XCBuildConfiguration section */
		14C9C75827754F7D0022CABB /* Debug */ = {
			isa = XCBuildConfiguration;
			buildSettings = {
				ALWAYS_SEARCH_USER_PATHS = NO;
				CLANG_ANALYZER_NONNULL = YES;
				CLANG_ANALYZER_NUMBER_OBJECT_CONVERSION = YES_AGGRESSIVE;
				CLANG_CXX_LANGUAGE_STANDARD = "gnu++17";
				CLANG_CXX_LIBRARY = "libc++";
				CLANG_ENABLE_MODULES = YES;
				CLANG_ENABLE_OBJC_ARC = YES;
				CLANG_ENABLE_OBJC_WEAK = YES;
				CLANG_WARN_BLOCK_CAPTURE_AUTORELEASING = YES;
				CLANG_WARN_BOOL_CONVERSION = YES;
				CLANG_WARN_COMMA = YES;
				CLANG_WARN_CONSTANT_CONVERSION = YES;
				CLANG_WARN_DEPRECATED_OBJC_IMPLEMENTATIONS = YES;
				CLANG_WARN_DIRECT_OBJC_ISA_USAGE = YES_ERROR;
				CLANG_WARN_DOCUMENTATION_COMMENTS = YES;
				CLANG_WARN_EMPTY_BODY = YES;
				CLANG_WARN_ENUM_CONVERSION = YES;
				CLANG_WARN_INFINITE_RECURSION = YES;
				CLANG_WARN_INT_CONVERSION = YES;
				CLANG_WARN_NON_LITERAL_NULL_CONVERSION = YES;
				CLANG_WARN_OBJC_IMPLICIT_RETAIN_SELF = YES;
				CLANG_WARN_OBJC_LITERAL_CONVERSION = YES;
				CLANG_WARN_OBJC_ROOT_CLASS = YES_ERROR;
				CLANG_WARN_QUOTED_INCLUDE_IN_FRAMEWORK_HEADER = YES;
				CLANG_WARN_RANGE_LOOP_ANALYSIS = YES;
				CLANG_WARN_STRICT_PROTOTYPES = YES;
				CLANG_WARN_SUSPICIOUS_MOVE = YES;
				CLANG_WARN_UNGUARDED_AVAILABILITY = YES_AGGRESSIVE;
				CLANG_WARN_UNREACHABLE_CODE = YES;
				CLANG_WARN__DUPLICATE_METHOD_MATCH = YES;
				COPY_PHASE_STRIP = NO;
				DEBUG_INFORMATION_FORMAT = dwarf;
				ENABLE_STRICT_OBJC_MSGSEND = YES;
				ENABLE_TESTABILITY = YES;
				GCC_C_LANGUAGE_STANDARD = gnu11;
				GCC_DYNAMIC_NO_PIC = NO;
				GCC_NO_COMMON_BLOCKS = YES;
				GCC_OPTIMIZATION_LEVEL = 0;
				GCC_PREPROCESSOR_DEFINITIONS = (
					"DEBUG=1",
					"$(inherited)",
				);
				GCC_WARN_64_TO_32_BIT_CONVERSION = YES;
				GCC_WARN_ABOUT_RETURN_TYPE = YES_ERROR;
				GCC_WARN_UNDECLARED_SELECTOR = YES;
				GCC_WARN_UNINITIALIZED_AUTOS = YES_AGGRESSIVE;
				GCC_WARN_UNUSED_FUNCTION = YES;
				GCC_WARN_UNUSED_VARIABLE = YES;
				IPHONEOS_DEPLOYMENT_TARGET = 15.2;
				MTL_ENABLE_DEBUG_INFO = INCLUDE_SOURCE;
				MTL_FAST_MATH = YES;
				ONLY_ACTIVE_ARCH = YES;
				SDKROOT = iphoneos;
				SWIFT_ACTIVE_COMPILATION_CONDITIONS = DEBUG;
				SWIFT_OPTIMIZATION_LEVEL = "-Onone";
			};
			name = Debug;
		};
		14C9C75927754F7D0022CABB /* Release */ = {
			isa = XCBuildConfiguration;
			buildSettings = {
				ALWAYS_SEARCH_USER_PATHS = NO;
				CLANG_ANALYZER_NONNULL = YES;
				CLANG_ANALYZER_NUMBER_OBJECT_CONVERSION = YES_AGGRESSIVE;
				CLANG_CXX_LANGUAGE_STANDARD = "gnu++17";
				CLANG_CXX_LIBRARY = "libc++";
				CLANG_ENABLE_MODULES = YES;
				CLANG_ENABLE_OBJC_ARC = YES;
				CLANG_ENABLE_OBJC_WEAK = YES;
				CLANG_WARN_BLOCK_CAPTURE_AUTORELEASING = YES;
				CLANG_WARN_BOOL_CONVERSION = YES;
				CLANG_WARN_COMMA = YES;
				CLANG_WARN_CONSTANT_CONVERSION = YES;
				CLANG_WARN_DEPRECATED_OBJC_IMPLEMENTATIONS = YES;
				CLANG_WARN_DIRECT_OBJC_ISA_USAGE = YES_ERROR;
				CLANG_WARN_DOCUMENTATION_COMMENTS = YES;
				CLANG_WARN_EMPTY_BODY = YES;
				CLANG_WARN_ENUM_CONVERSION = YES;
				CLANG_WARN_INFINITE_RECURSION = YES;
				CLANG_WARN_INT_CONVERSION = YES;
				CLANG_WARN_NON_LITERAL_NULL_CONVERSION = YES;
				CLANG_WARN_OBJC_IMPLICIT_RETAIN_SELF = YES;
				CLANG_WARN_OBJC_LITERAL_CONVERSION = YES;
				CLANG_WARN_OBJC_ROOT_CLASS = YES_ERROR;
				CLANG_WARN_QUOTED_INCLUDE_IN_FRAMEWORK_HEADER = YES;
				CLANG_WARN_RANGE_LOOP_ANALYSIS = YES;
				CLANG_WARN_STRICT_PROTOTYPES = YES;
				CLANG_WARN_SUSPICIOUS_MOVE = YES;
				CLANG_WARN_UNGUARDED_AVAILABILITY = YES_AGGRESSIVE;
				CLANG_WARN_UNREACHABLE_CODE = YES;
				CLANG_WARN__DUPLICATE_METHOD_MATCH = YES;
				COPY_PHASE_STRIP = NO;
				DEBUG_INFORMATION_FORMAT = "dwarf-with-dsym";
				ENABLE_NS_ASSERTIONS = NO;
				ENABLE_STRICT_OBJC_MSGSEND = YES;
				GCC_C_LANGUAGE_STANDARD = gnu11;
				GCC_NO_COMMON_BLOCKS = YES;
				GCC_WARN_64_TO_32_BIT_CONVERSION = YES;
				GCC_WARN_ABOUT_RETURN_TYPE = YES_ERROR;
				GCC_WARN_UNDECLARED_SELECTOR = YES;
				GCC_WARN_UNINITIALIZED_AUTOS = YES_AGGRESSIVE;
				GCC_WARN_UNUSED_FUNCTION = YES;
				GCC_WARN_UNUSED_VARIABLE = YES;
				IPHONEOS_DEPLOYMENT_TARGET = 15.2;
				MTL_ENABLE_DEBUG_INFO = NO;
				MTL_FAST_MATH = YES;
				SDKROOT = iphoneos;
				SWIFT_COMPILATION_MODE = wholemodule;
				SWIFT_OPTIMIZATION_LEVEL = "-O";
				VALIDATE_PRODUCT = YES;
			};
			name = Release;
		};
		14C9C75B27754F7D0022CABB /* Debug */ = {
			isa = XCBuildConfiguration;
			baseConfigurationReference = 53A9F902612CBB9F63F6F280 /* Pods-SwiftGithubTrend.debug.xcconfig */;
			buildSettings = {
				ASSETCATALOG_COMPILER_APPICON_NAME = AppIcon;
				ASSETCATALOG_COMPILER_GLOBAL_ACCENT_COLOR_NAME = AccentColor;
				CODE_SIGN_STYLE = Automatic;
				CURRENT_PROJECT_VERSION = 1;
				DEVELOPMENT_TEAM = 4957F54262;
				GENERATE_INFOPLIST_FILE = YES;
				INFOPLIST_FILE = SwiftGithubTrend/Resources/Info.plist;
				INFOPLIST_KEY_UIApplicationSupportsIndirectInputEvents = YES;
				INFOPLIST_KEY_UILaunchStoryboardName = LaunchScreen;
				INFOPLIST_KEY_UISupportedInterfaceOrientations_iPad = "UIInterfaceOrientationPortrait UIInterfaceOrientationPortraitUpsideDown UIInterfaceOrientationLandscapeLeft UIInterfaceOrientationLandscapeRight";
				INFOPLIST_KEY_UISupportedInterfaceOrientations_iPhone = "UIInterfaceOrientationPortrait UIInterfaceOrientationLandscapeLeft UIInterfaceOrientationLandscapeRight";
				LD_RUNPATH_SEARCH_PATHS = (
					"$(inherited)",
					"@executable_path/Frameworks",
				);
				MARKETING_VERSION = 1.0;
				PRODUCT_BUNDLE_IDENTIFIER = com.erosLerningAcademy.SwiftGithubTrend;
				PRODUCT_NAME = "$(TARGET_NAME)";
				SWIFT_EMIT_LOC_STRINGS = YES;
				SWIFT_VERSION = 5.0;
				TARGETED_DEVICE_FAMILY = "1,2";
			};
			name = Debug;
		};
		14C9C75C27754F7D0022CABB /* Release */ = {
			isa = XCBuildConfiguration;
			baseConfigurationReference = ED54C95B1B3D07A759AAF9AE /* Pods-SwiftGithubTrend.release.xcconfig */;
			buildSettings = {
				ASSETCATALOG_COMPILER_APPICON_NAME = AppIcon;
				ASSETCATALOG_COMPILER_GLOBAL_ACCENT_COLOR_NAME = AccentColor;
				CODE_SIGN_STYLE = Automatic;
				CURRENT_PROJECT_VERSION = 1;
				DEVELOPMENT_TEAM = 4957F54262;
				GENERATE_INFOPLIST_FILE = YES;
				INFOPLIST_FILE = SwiftGithubTrend/Resources/Info.plist;
				INFOPLIST_KEY_UIApplicationSupportsIndirectInputEvents = YES;
				INFOPLIST_KEY_UILaunchStoryboardName = LaunchScreen;
				INFOPLIST_KEY_UISupportedInterfaceOrientations_iPad = "UIInterfaceOrientationPortrait UIInterfaceOrientationPortraitUpsideDown UIInterfaceOrientationLandscapeLeft UIInterfaceOrientationLandscapeRight";
				INFOPLIST_KEY_UISupportedInterfaceOrientations_iPhone = "UIInterfaceOrientationPortrait UIInterfaceOrientationLandscapeLeft UIInterfaceOrientationLandscapeRight";
				LD_RUNPATH_SEARCH_PATHS = (
					"$(inherited)",
					"@executable_path/Frameworks",
				);
				MARKETING_VERSION = 1.0;
				PRODUCT_BUNDLE_IDENTIFIER = com.erosLerningAcademy.SwiftGithubTrend;
				PRODUCT_NAME = "$(TARGET_NAME)";
				SWIFT_EMIT_LOC_STRINGS = YES;
				SWIFT_VERSION = 5.0;
				TARGETED_DEVICE_FAMILY = "1,2";
			};
			name = Release;
		};
/* End XCBuildConfiguration section */

/* Begin XCConfigurationList section */
		14C9C74127754F7B0022CABB /* Build configuration list for PBXProject "SwiftGithubTrend" */ = {
			isa = XCConfigurationList;
			buildConfigurations = (
				14C9C75827754F7D0022CABB /* Debug */,
				14C9C75927754F7D0022CABB /* Release */,
			);
			defaultConfigurationIsVisible = 0;
			defaultConfigurationName = Release;
		};
		14C9C75A27754F7D0022CABB /* Build configuration list for PBXNativeTarget "SwiftGithubTrend" */ = {
			isa = XCConfigurationList;
			buildConfigurations = (
				14C9C75B27754F7D0022CABB /* Debug */,
				14C9C75C27754F7D0022CABB /* Release */,
			);
			defaultConfigurationIsVisible = 0;
			defaultConfigurationName = Release;
		};
/* End XCConfigurationList section */
	};
	rootObject = 14C9C73E27754F7B0022CABB /* Project object */;
}
